
Microsoft Visual Studio Solution File, Format Version 12.00
# Visual Studio Version 17
VisualStudioVersion = 17.10.35004.147
MinimumVisualStudioVersion = 10.0.40219.1
Project("{9A19103F-16F7-4668-BE54-9A1E7A4F7556}") = "WASP.BinaryToBarrelConverter", "WASP.BinaryToBarrelConverter.csproj", "{A663CF58-5599-4911-A618-278CD763094E}"
EndProject
Global
	GlobalSection(SolutionConfigurationPlatforms) = preSolution
		Debug|Any CPU = Debug|Any CPU
		Release|Any CPU = Release|Any CPU
	EndGlobalSection
	GlobalSection(ProjectConfigurationPlatforms) = postSolution
		{A663CF58-5599-4911-A618-278CD763094E}.Debug|Any CPU.ActiveCfg = Debug|Any CPU
		{A663CF58-5599-4911-A618-278CD763094E}.Debug|Any CPU.Build.0 = Debug|Any CPU
		{A663CF58-5599-4911-A618-278CD763094E}.Release|Any CPU.ActiveCfg = Release|Any CPU
		{A663CF58-5599-4911-A618-278CD763094E}.Release|Any CPU.Build.0 = Release|Any CPU
	EndGlobalSection
	GlobalSection(SolutionProperties) = preSolution
		HideSolutionNode = FALSE
	EndGlobalSection
	GlobalSection(ExtensibilityGlobals) = postSolution
		SolutionGuid = {3833820B-B912-4198-BBEE-6E80DD53E697}
	EndGlobalSection
EndGlobal
